// !$*UTF8*$!
{
	archiveVersion = 1;
	classes = {
	};
	objectVersion = 50;
	objects = {

/* Begin PBXBuildFile section */
		B0B1CBCD20A55FBE00A6CF1F /* HeartButton.h in Headers */ = {isa = PBXBuildFile; fileRef = B0B1CBCB20A55FBE00A6CF1F /* HeartButton.h */; settings = {ATTRIBUTES = (Public, ); }; };
		B0B1CBDA20A5602000A6CF1F /* AppDelegate.swift in Sources */ = {isa = PBXBuildFile; fileRef = B0B1CBD920A5602000A6CF1F /* AppDelegate.swift */; };
		B0B1CBDC20A5602000A6CF1F /* ViewController.swift in Sources */ = {isa = PBXBuildFile; fileRef = B0B1CBDB20A5602000A6CF1F /* ViewController.swift */; };
		B0B1CBDF20A5602000A6CF1F /* Main.storyboard in Resources */ = {isa = PBXBuildFile; fileRef = B0B1CBDD20A5602000A6CF1F /* Main.storyboard */; };
		B0B1CBE220A5602000A6CF1F /* Sample.xcdatamodeld in Sources */ = {isa = PBXBuildFile; fileRef = B0B1CBE020A5602000A6CF1F /* Sample.xcdatamodeld */; };
		B0B1CBE420A5602900A6CF1F /* Assets.xcassets in Resources */ = {isa = PBXBuildFile; fileRef = B0B1CBE320A5602900A6CF1F /* Assets.xcassets */; };
		B0B1CBE720A5602900A6CF1F /* LaunchScreen.storyboard in Resources */ = {isa = PBXBuildFile; fileRef = B0B1CBE520A5602900A6CF1F /* LaunchScreen.storyboard */; };
		B0B1CBEC20A5604300A6CF1F /* HeartButton.framework in Frameworks */ = {isa = PBXBuildFile; fileRef = B0B1CBC820A55FBE00A6CF1F /* HeartButton.framework */; };
		B0B1CBED20A5604300A6CF1F /* HeartButton.framework in Embed Frameworks */ = {isa = PBXBuildFile; fileRef = B0B1CBC820A55FBE00A6CF1F /* HeartButton.framework */; settings = {ATTRIBUTES = (CodeSignOnCopy, RemoveHeadersOnCopy, ); }; };
		B0B1CBF220A5605900A6CF1F /* HeartButton.swift in Sources */ = {isa = PBXBuildFile; fileRef = B0B1CBF120A5605900A6CF1F /* HeartButton.swift */; };
		B0B1CBF420A5681A00A6CF1F /* Int+Radians.swift in Sources */ = {isa = PBXBuildFile; fileRef = B0B1CBF320A5681A00A6CF1F /* Int+Radians.swift */; };
		B0B1CBF720A5690200A6CF1F /* UIBezierPath+HeartShape.swift in Sources */ = {isa = PBXBuildFile; fileRef = B0B1CBF620A5690200A6CF1F /* UIBezierPath+HeartShape.swift */; };
		B0B1CBFC20A56BA100A6CF1F /* CASpringAnimation+ExpandScale.swift in Sources */ = {isa = PBXBuildFile; fileRef = B0B1CBFB20A56BA100A6CF1F /* CASpringAnimation+ExpandScale.swift */; };
		B0B1CBFF20A5731B00A6CF1F /* CAShapeLayer+HeartShape.swift in Sources */ = {isa = PBXBuildFile; fileRef = B0B1CBFE20A5731B00A6CF1F /* CAShapeLayer+HeartShape.swift */; };
		B0B1CC0120A5786300A6CF1F /* SwitchableButton.swift in Sources */ = {isa = PBXBuildFile; fileRef = B0B1CC0020A5786300A6CF1F /* SwitchableButton.swift */; };
/* End PBXBuildFile section */

/* Begin PBXContainerItemProxy section */
		B0B1CBEE20A5604300A6CF1F /* PBXContainerItemProxy */ = {
			isa = PBXContainerItemProxy;
			containerPortal = B0B1CBBF20A55FBE00A6CF1F /* Project object */;
			proxyType = 1;
			remoteGlobalIDString = B0B1CBC720A55FBE00A6CF1F;
			remoteInfo = HeartButton;
		};
/* End PBXContainerItemProxy section */

/* Begin PBXCopyFilesBuildPhase section */
		B0B1CBF020A5604300A6CF1F /* Embed Frameworks */ = {
			isa = PBXCopyFilesBuildPhase;
			buildActionMask = 2147483647;
			dstPath = "";
			dstSubfolderSpec = 10;
			files = (
				B0B1CBED20A5604300A6CF1F /* HeartButton.framework in Embed Frameworks */,
			);
			name = "Embed Frameworks";
			runOnlyForDeploymentPostprocessing = 0;
		};
/* End PBXCopyFilesBuildPhase section */

/* Begin PBXFileReference section */
		B0B1CBC820A55FBE00A6CF1F /* HeartButton.framework */ = {isa = PBXFileReference; explicitFileType = wrapper.framework; includeInIndex = 0; path = HeartButton.framework; sourceTree = BUILT_PRODUCTS_DIR; };
		B0B1CBCB20A55FBE00A6CF1F /* HeartButton.h */ = {isa = PBXFileReference; lastKnownFileType = sourcecode.c.h; path = HeartButton.h; sourceTree = "<group>"; };
		B0B1CBCC20A55FBE00A6CF1F /* Info.plist */ = {isa = PBXFileReference; lastKnownFileType = text.plist.xml; path = Info.plist; sourceTree = "<group>"; };
		B0B1CBD720A5602000A6CF1F /* Sample.app */ = {isa = PBXFileReference; explicitFileType = wrapper.application; includeInIndex = 0; path = Sample.app; sourceTree = BUILT_PRODUCTS_DIR; };
		B0B1CBD920A5602000A6CF1F /* AppDelegate.swift */ = {isa = PBXFileReference; lastKnownFileType = sourcecode.swift; path = AppDelegate.swift; sourceTree = "<group>"; };
		B0B1CBDB20A5602000A6CF1F /* ViewController.swift */ = {isa = PBXFileReference; lastKnownFileType = sourcecode.swift; path = ViewController.swift; sourceTree = "<group>"; };
		B0B1CBDE20A5602000A6CF1F /* Base */ = {isa = PBXFileReference; lastKnownFileType = file.storyboard; name = Base; path = Base.lproj/Main.storyboard; sourceTree = "<group>"; };
		B0B1CBE120A5602000A6CF1F /* Sample.xcdatamodel */ = {isa = PBXFileReference; lastKnownFileType = wrapper.xcdatamodel; path = Sample.xcdatamodel; sourceTree = "<group>"; };
		B0B1CBE320A5602900A6CF1F /* Assets.xcassets */ = {isa = PBXFileReference; lastKnownFileType = folder.assetcatalog; path = Assets.xcassets; sourceTree = "<group>"; };
		B0B1CBE620A5602900A6CF1F /* Base */ = {isa = PBXFileReference; lastKnownFileType = file.storyboard; name = Base; path = Base.lproj/LaunchScreen.storyboard; sourceTree = "<group>"; };
		B0B1CBE820A5602900A6CF1F /* Info.plist */ = {isa = PBXFileReference; lastKnownFileType = text.plist.xml; path = Info.plist; sourceTree = "<group>"; };
		B0B1CBF120A5605900A6CF1F /* HeartButton.swift */ = {isa = PBXFileReference; lastKnownFileType = sourcecode.swift; path = HeartButton.swift; sourceTree = "<group>"; };
		B0B1CBF320A5681A00A6CF1F /* Int+Radians.swift */ = {isa = PBXFileReference; lastKnownFileType = sourcecode.swift; path = "Int+Radians.swift"; sourceTree = "<group>"; };
		B0B1CBF620A5690200A6CF1F /* UIBezierPath+HeartShape.swift */ = {isa = PBXFileReference; lastKnownFileType = sourcecode.swift; path = "UIBezierPath+HeartShape.swift"; sourceTree = "<group>"; };
		B0B1CBFB20A56BA100A6CF1F /* CASpringAnimation+ExpandScale.swift */ = {isa = PBXFileReference; lastKnownFileType = sourcecode.swift; path = "CASpringAnimation+ExpandScale.swift"; sourceTree = "<group>"; };
		B0B1CBFE20A5731B00A6CF1F /* CAShapeLayer+HeartShape.swift */ = {isa = PBXFileReference; lastKnownFileType = sourcecode.swift; path = "CAShapeLayer+HeartShape.swift"; sourceTree = "<group>"; };
		B0B1CC0020A5786300A6CF1F /* SwitchableButton.swift */ = {isa = PBXFileReference; lastKnownFileType = sourcecode.swift; path = SwitchableButton.swift; sourceTree = "<group>"; };
/* End PBXFileReference section */

/* Begin PBXFrameworksBuildPhase section */
		B0B1CBC420A55FBE00A6CF1F /* Frameworks */ = {
			isa = PBXFrameworksBuildPhase;
			buildActionMask = 2147483647;
			files = (
			);
			runOnlyForDeploymentPostprocessing = 0;
		};
		B0B1CBD420A5602000A6CF1F /* Frameworks */ = {
			isa = PBXFrameworksBuildPhase;
			buildActionMask = 2147483647;
			files = (
				B0B1CBEC20A5604300A6CF1F /* HeartButton.framework in Frameworks */,
			);
			runOnlyForDeploymentPostprocessing = 0;
		};
/* End PBXFrameworksBuildPhase section */

/* Begin PBXGroup section */
		B0B1CBBE20A55FBE00A6CF1F = {
			isa = PBXGroup;
			children = (
				B0B1CBCA20A55FBE00A6CF1F /* HeartButton */,
				B0B1CBD820A5602000A6CF1F /* Sample */,
				B0B1CBC920A55FBE00A6CF1F /* Products */,
			);
			sourceTree = "<group>";
		};
		B0B1CBC920A55FBE00A6CF1F /* Products */ = {
			isa = PBXGroup;
			children = (
				B0B1CBC820A55FBE00A6CF1F /* HeartButton.framework */,
				B0B1CBD720A5602000A6CF1F /* Sample.app */,
			);
			name = Products;
			sourceTree = "<group>";
		};
		B0B1CBCA20A55FBE00A6CF1F /* HeartButton */ = {
			isa = PBXGroup;
			children = (
				B0B1CBF920A5697800A6CF1F /* Views */,
				B0B1CBFD20A5711D00A6CF1F /* ShapeLayers */,
				B0B1CBF520A568BF00A6CF1F /* ShapePaths */,
				B0B1CBFA20A56A6D00A6CF1F /* Animations */,
				B0B1CBF820A5694200A6CF1F /* Utils */,
				B0B1CBCB20A55FBE00A6CF1F /* HeartButton.h */,
				B0B1CBCC20A55FBE00A6CF1F /* Info.plist */,
			);
			path = HeartButton;
			sourceTree = "<group>";
		};
		B0B1CBD820A5602000A6CF1F /* Sample */ = {
			isa = PBXGroup;
			children = (
				B0B1CBD920A5602000A6CF1F /* AppDelegate.swift */,
				B0B1CBDB20A5602000A6CF1F /* ViewController.swift */,
				B0B1CBDD20A5602000A6CF1F /* Main.storyboard */,
				B0B1CBE320A5602900A6CF1F /* Assets.xcassets */,
				B0B1CBE520A5602900A6CF1F /* LaunchScreen.storyboard */,
				B0B1CBE820A5602900A6CF1F /* Info.plist */,
				B0B1CBE020A5602000A6CF1F /* Sample.xcdatamodeld */,
			);
			path = Sample;
			sourceTree = "<group>";
		};
		B0B1CBF520A568BF00A6CF1F /* ShapePaths */ = {
			isa = PBXGroup;
			children = (
				B0B1CBF620A5690200A6CF1F /* UIBezierPath+HeartShape.swift */,
			);
			path = ShapePaths;
			sourceTree = "<group>";
		};
		B0B1CBF820A5694200A6CF1F /* Utils */ = {
			isa = PBXGroup;
			children = (
				B0B1CBF320A5681A00A6CF1F /* Int+Radians.swift */,
			);
			path = Utils;
			sourceTree = "<group>";
		};
		B0B1CBF920A5697800A6CF1F /* Views */ = {
			isa = PBXGroup;
			children = (
				B0B1CBF120A5605900A6CF1F /* HeartButton.swift */,
				B0B1CC0020A5786300A6CF1F /* SwitchableButton.swift */,
			);
			path = Views;
			sourceTree = "<group>";
		};
		B0B1CBFA20A56A6D00A6CF1F /* Animations */ = {
			isa = PBXGroup;
			children = (
				B0B1CBFB20A56BA100A6CF1F /* CASpringAnimation+ExpandScale.swift */,
			);
			path = Animations;
			sourceTree = "<group>";
		};
		B0B1CBFD20A5711D00A6CF1F /* ShapeLayers */ = {
			isa = PBXGroup;
			children = (
				B0B1CBFE20A5731B00A6CF1F /* CAShapeLayer+HeartShape.swift */,
			);
			path = ShapeLayers;
			sourceTree = "<group>";
		};
/* End PBXGroup section */

/* Begin PBXHeadersBuildPhase section */
		B0B1CBC520A55FBE00A6CF1F /* Headers */ = {
			isa = PBXHeadersBuildPhase;
			buildActionMask = 2147483647;
			files = (
				B0B1CBCD20A55FBE00A6CF1F /* HeartButton.h in Headers */,
			);
			runOnlyForDeploymentPostprocessing = 0;
		};
/* End PBXHeadersBuildPhase section */

/* Begin PBXNativeTarget section */
		B0B1CBC720A55FBE00A6CF1F /* HeartButton */ = {
			isa = PBXNativeTarget;
			buildConfigurationList = B0B1CBD020A55FBE00A6CF1F /* Build configuration list for PBXNativeTarget "HeartButton" */;
			buildPhases = (
				B0B1CBC320A55FBE00A6CF1F /* Sources */,
				B0B1CBC420A55FBE00A6CF1F /* Frameworks */,
				B0B1CBC520A55FBE00A6CF1F /* Headers */,
				B0B1CBC620A55FBE00A6CF1F /* Resources */,
				B01B862720B42065009B9866 /* ShellScript */,
			);
			buildRules = (
			);
			dependencies = (
			);
			name = HeartButton;
			productName = HeartButton;
			productReference = B0B1CBC820A55FBE00A6CF1F /* HeartButton.framework */;
			productType = "com.apple.product-type.framework";
		};
		B0B1CBD620A5602000A6CF1F /* Sample */ = {
			isa = PBXNativeTarget;
			buildConfigurationList = B0B1CBE920A5602900A6CF1F /* Build configuration list for PBXNativeTarget "Sample" */;
			buildPhases = (
				B0B1CBD320A5602000A6CF1F /* Sources */,
				B0B1CBD420A5602000A6CF1F /* Frameworks */,
				B0B1CBD520A5602000A6CF1F /* Resources */,
				B0B1CBF020A5604300A6CF1F /* Embed Frameworks */,
			);
			buildRules = (
			);
			dependencies = (
				B0B1CBEF20A5604300A6CF1F /* PBXTargetDependency */,
			);
			name = Sample;
			productName = Sample;
			productReference = B0B1CBD720A5602000A6CF1F /* Sample.app */;
			productType = "com.apple.product-type.application";
		};
/* End PBXNativeTarget section */

/* Begin PBXProject section */
		B0B1CBBF20A55FBE00A6CF1F /* Project object */ = {
			isa = PBXProject;
			attributes = {
				LastSwiftUpdateCheck = 0930;
				LastUpgradeCheck = 0930;
				ORGANIZATIONNAME = darquro;
				TargetAttributes = {
					B0B1CBC720A55FBE00A6CF1F = {
						CreatedOnToolsVersion = 9.3;
						LastSwiftMigration = 0930;
					};
					B0B1CBD620A5602000A6CF1F = {
						CreatedOnToolsVersion = 9.3;
					};
				};
			};
			buildConfigurationList = B0B1CBC220A55FBE00A6CF1F /* Build configuration list for PBXProject "HeartButton" */;
			compatibilityVersion = "Xcode 9.3";
			developmentRegion = en;
			hasScannedForEncodings = 0;
			knownRegions = (
				en,
				Base,
			);
			mainGroup = B0B1CBBE20A55FBE00A6CF1F;
			productRefGroup = B0B1CBC920A55FBE00A6CF1F /* Products */;
			projectDirPath = "";
			projectRoot = "";
			targets = (
				B0B1CBC720A55FBE00A6CF1F /* HeartButton */,
				B0B1CBD620A5602000A6CF1F /* Sample */,
			);
		};
/* End PBXProject section */

/* Begin PBXResourcesBuildPhase section */
		B0B1CBC620A55FBE00A6CF1F /* Resources */ = {
			isa = PBXResourcesBuildPhase;
			buildActionMask = 2147483647;
			files = (
			);
			runOnlyForDeploymentPostprocessing = 0;
		};
		B0B1CBD520A5602000A6CF1F /* Resources */ = {
			isa = PBXResourcesBuildPhase;
			buildActionMask = 2147483647;
			files = (
				B0B1CBE720A5602900A6CF1F /* LaunchScreen.storyboard in Resources */,
				B0B1CBE420A5602900A6CF1F /* Assets.xcassets in Resources */,
				B0B1CBDF20A5602000A6CF1F /* Main.storyboard in Resources */,
			);
			runOnlyForDeploymentPostprocessing = 0;
		};
/* End PBXResourcesBuildPhase section */

/* Begin PBXShellScriptBuildPhase section */
		B01B862720B42065009B9866 /* ShellScript */ = {
			isa = PBXShellScriptBuildPhase;
			buildActionMask = 2147483647;
			files = (
			);
			inputPaths = (
			);
			outputPaths = (
			);
			runOnlyForDeploymentPostprocessing = 0;
			shellPath = /bin/sh;
			shellScript = "if which swiftlint >/dev/null; then\nswiftlint\nelse\necho \"warning: SwiftLint not installed, download from https://github.com/realm/SwiftLint\"\nfi";
		};
/* End PBXShellScriptBuildPhase section */

/* Begin PBXSourcesBuildPhase section */
		B0B1CBC320A55FBE00A6CF1F /* Sources */ = {
			isa = PBXSourcesBuildPhase;
			buildActionMask = 2147483647;
			files = (
				B0B1CBF420A5681A00A6CF1F /* Int+Radians.swift in Sources */,
				B0B1CC0120A5786300A6CF1F /* SwitchableButton.swift in Sources */,
				B0B1CBFF20A5731B00A6CF1F /* CAShapeLayer+HeartShape.swift in Sources */,
				B0B1CBFC20A56BA100A6CF1F /* CASpringAnimation+ExpandScale.swift in Sources */,
				B0B1CBF720A5690200A6CF1F /* UIBezierPath+HeartShape.swift in Sources */,
				B0B1CBF220A5605900A6CF1F /* HeartButton.swift in Sources */,
			);
			runOnlyForDeploymentPostprocessing = 0;
		};
		B0B1CBD320A5602000A6CF1F /* Sources */ = {
			isa = PBXSourcesBuildPhase;
			buildActionMask = 2147483647;
			files = (
				B0B1CBE220A5602000A6CF1F /* Sample.xcdatamodeld in Sources */,
				B0B1CBDC20A5602000A6CF1F /* ViewController.swift in Sources */,
				B0B1CBDA20A5602000A6CF1F /* AppDelegate.swift in Sources */,
			);
			runOnlyForDeploymentPostprocessing = 0;
		};
/* End PBXSourcesBuildPhase section */

/* Begin PBXTargetDependency section */
		B0B1CBEF20A5604300A6CF1F /* PBXTargetDependency */ = {
			isa = PBXTargetDependency;
			target = B0B1CBC720A55FBE00A6CF1F /* HeartButton */;
			targetProxy = B0B1CBEE20A5604300A6CF1F /* PBXContainerItemProxy */;
		};
/* End PBXTargetDependency section */

/* Begin PBXVariantGroup section */
		B0B1CBDD20A5602000A6CF1F /* Main.storyboard */ = {
			isa = PBXVariantGroup;
			children = (
				B0B1CBDE20A5602000A6CF1F /* Base */,
			);
			name = Main.storyboard;
			sourceTree = "<group>";
		};
		B0B1CBE520A5602900A6CF1F /* LaunchScreen.storyboard */ = {
			isa = PBXVariantGroup;
			children = (
				B0B1CBE620A5602900A6CF1F /* Base */,
			);
			name = LaunchScreen.storyboard;
			sourceTree = "<group>";
		};
/* End PBXVariantGroup section */

/* Begin XCBuildConfiguration section */
		B0B1CBCE20A55FBE00A6CF1F /* Debug */ = {
			isa = XCBuildConfiguration;
			buildSettings = {
				ALWAYS_SEARCH_USER_PATHS = NO;
				CLANG_ANALYZER_NONNULL = YES;
				CLANG_ANALYZER_NUMBER_OBJECT_CONVERSION = YES_AGGRESSIVE;
				CLANG_CXX_LANGUAGE_STANDARD = "gnu++14";
				CLANG_CXX_LIBRARY = "libc++";
				CLANG_ENABLE_MODULES = YES;
				CLANG_ENABLE_OBJC_ARC = YES;
				CLANG_ENABLE_OBJC_WEAK = YES;
				CLANG_WARN_BLOCK_CAPTURE_AUTORELEASING = YES;
				CLANG_WARN_BOOL_CONVERSION = YES;
				CLANG_WARN_COMMA = YES;
				CLANG_WARN_CONSTANT_CONVERSION = YES;
				CLANG_WARN_DEPRECATED_OBJC_IMPLEMENTATIONS = YES;
				CLANG_WARN_DIRECT_OBJC_ISA_USAGE = YES_ERROR;
				CLANG_WARN_DOCUMENTATION_COMMENTS = YES;
				CLANG_WARN_EMPTY_BODY = YES;
				CLANG_WARN_ENUM_CONVERSION = YES;
				CLANG_WARN_INFINITE_RECURSION = YES;
				CLANG_WARN_INT_CONVERSION = YES;
				CLANG_WARN_NON_LITERAL_NULL_CONVERSION = YES;
				CLANG_WARN_OBJC_IMPLICIT_RETAIN_SELF = YES;
				CLANG_WARN_OBJC_LITERAL_CONVERSION = YES;
				CLANG_WARN_OBJC_ROOT_CLASS = YES_ERROR;
				CLANG_WARN_RANGE_LOOP_ANALYSIS = YES;
				CLANG_WARN_STRICT_PROTOTYPES = YES;
				CLANG_WARN_SUSPICIOUS_MOVE = YES;
				CLANG_WARN_UNGUARDED_AVAILABILITY = YES_AGGRESSIVE;
				CLANG_WARN_UNREACHABLE_CODE = YES;
				CLANG_WARN__DUPLICATE_METHOD_MATCH = YES;
				CODE_SIGN_IDENTITY = "iPhone Developer";
				COPY_PHASE_STRIP = NO;
				CURRENT_PROJECT_VERSION = 1;
				DEBUG_INFORMATION_FORMAT = dwarf;
				ENABLE_STRICT_OBJC_MSGSEND = YES;
				ENABLE_TESTABILITY = YES;
				GCC_C_LANGUAGE_STANDARD = gnu11;
				GCC_DYNAMIC_NO_PIC = NO;
				GCC_NO_COMMON_BLOCKS = YES;
				GCC_OPTIMIZATION_LEVEL = 0;
				GCC_PREPROCESSOR_DEFINITIONS = (
					"DEBUG=1",
					"$(inherited)",
				);
				GCC_WARN_64_TO_32_BIT_CONVERSION = YES;
				GCC_WARN_ABOUT_RETURN_TYPE = YES_ERROR;
				GCC_WARN_UNDECLARED_SELECTOR = YES;
				GCC_WARN_UNINITIALIZED_AUTOS = YES_AGGRESSIVE;
				GCC_WARN_UNUSED_FUNCTION = YES;
				GCC_WARN_UNUSED_VARIABLE = YES;
				IPHONEOS_DEPLOYMENT_TARGET = 9.0;
				MTL_ENABLE_DEBUG_INFO = YES;
				ONLY_ACTIVE_ARCH = YES;
				SDKROOT = iphoneos;
				SWIFT_ACTIVE_COMPILATION_CONDITIONS = DEBUG;
				SWIFT_OPTIMIZATION_LEVEL = "-Onone";
				VERSIONING_SYSTEM = "apple-generic";
				VERSION_INFO_PREFIX = "";
			};
			name = Debug;
		};
		B0B1CBCF20A55FBE00A6CF1F /* Release */ = {
			isa = XCBuildConfiguration;
			buildSettings = {
				ALWAYS_SEARCH_USER_PATHS = NO;
				CLANG_ANALYZER_NONNULL = YES;
				CLANG_ANALYZER_NUMBER_OBJECT_CONVERSION = YES_AGGRESSIVE;
				CLANG_CXX_LANGUAGE_STANDARD = "gnu++14";
				CLANG_CXX_LIBRARY = "libc++";
				CLANG_ENABLE_MODULES = YES;
				CLANG_ENABLE_OBJC_ARC = YES;
				CLANG_ENABLE_OBJC_WEAK = YES;
				CLANG_WARN_BLOCK_CAPTURE_AUTORELEASING = YES;
				CLANG_WARN_BOOL_CONVERSION = YES;
				CLANG_WARN_COMMA = YES;
				CLANG_WARN_CONSTANT_CONVERSION = YES;
				CLANG_WARN_DEPRECATED_OBJC_IMPLEMENTATIONS = YES;
				CLANG_WARN_DIRECT_OBJC_ISA_USAGE = YES_ERROR;
				CLANG_WARN_DOCUMENTATION_COMMENTS = YES;
				CLANG_WARN_EMPTY_BODY = YES;
				CLANG_WARN_ENUM_CONVERSION = YES;
				CLANG_WARN_INFINITE_RECURSION = YES;
				CLANG_WARN_INT_CONVERSION = YES;
				CLANG_WARN_NON_LITERAL_NULL_CONVERSION = YES;
				CLANG_WARN_OBJC_IMPLICIT_RETAIN_SELF = YES;
				CLANG_WARN_OBJC_LITERAL_CONVERSION = YES;
				CLANG_WARN_OBJC_ROOT_CLASS = YES_ERROR;
				CLANG_WARN_RANGE_LOOP_ANALYSIS = YES;
				CLANG_WARN_STRICT_PROTOTYPES = YES;
				CLANG_WARN_SUSPICIOUS_MOVE = YES;
				CLANG_WARN_UNGUARDED_AVAILABILITY = YES_AGGRESSIVE;
				CLANG_WARN_UNREACHABLE_CODE = YES;
				CLANG_WARN__DUPLICATE_METHOD_MATCH = YES;
				CODE_SIGN_IDENTITY = "iPhone Developer";
				COPY_PHASE_STRIP = NO;
				CURRENT_PROJECT_VERSION = 1;
				DEBUG_INFORMATION_FORMAT = "dwarf-with-dsym";
				ENABLE_NS_ASSERTIONS = NO;
				ENABLE_STRICT_OBJC_MSGSEND = YES;
				GCC_C_LANGUAGE_STANDARD = gnu11;
				GCC_NO_COMMON_BLOCKS = YES;
				GCC_WARN_64_TO_32_BIT_CONVERSION = YES;
				GCC_WARN_ABOUT_RETURN_TYPE = YES_ERROR;
				GCC_WARN_UNDECLARED_SELECTOR = YES;
				GCC_WARN_UNINITIALIZED_AUTOS = YES_AGGRESSIVE;
				GCC_WARN_UNUSED_FUNCTION = YES;
				GCC_WARN_UNUSED_VARIABLE = YES;
				IPHONEOS_DEPLOYMENT_TARGET = 9.0;
				MTL_ENABLE_DEBUG_INFO = NO;
				SDKROOT = iphoneos;
				SWIFT_COMPILATION_MODE = wholemodule;
				SWIFT_OPTIMIZATION_LEVEL = "-O";
				VALIDATE_PRODUCT = YES;
				VERSIONING_SYSTEM = "apple-generic";
				VERSION_INFO_PREFIX = "";
			};
			name = Release;
		};
		B0B1CBD120A55FBE00A6CF1F /* Debug */ = {
			isa = XCBuildConfiguration;
			buildSettings = {
				CLANG_ENABLE_MODULES = YES;
				CODE_SIGN_IDENTITY = "";
				CODE_SIGN_STYLE = Automatic;
				DEFINES_MODULE = YES;
				DEVELOPMENT_TEAM = YZ2PUYUY97;
				DYLIB_COMPATIBILITY_VERSION = 1;
				DYLIB_CURRENT_VERSION = 1;
				DYLIB_INSTALL_NAME_BASE = "@rpath";
				INFOPLIST_FILE = HeartButton/Info.plist;
				INSTALL_PATH = "$(LOCAL_LIBRARY_DIR)/Frameworks";
				LD_RUNPATH_SEARCH_PATHS = (
					"$(inherited)",
					"@executable_path/Frameworks",
					"@loader_path/Frameworks",
				);
				PRODUCT_BUNDLE_IDENTIFIER = org.darquro.HeartButton;
				PRODUCT_NAME = "$(TARGET_NAME:c99extidentifier)";
				SKIP_INSTALL = YES;
				SWIFT_OPTIMIZATION_LEVEL = "-Onone";
				SWIFT_VERSION = 4.0;
				TARGETED_DEVICE_FAMILY = "1,2";
			};
			name = Debug;
		};
		B0B1CBD220A55FBE00A6CF1F /* Release */ = {
			isa = XCBuildConfiguration;
			buildSettings = {
				CLANG_ENABLE_MODULES = YES;
				CODE_SIGN_IDENTITY = "";
				CODE_SIGN_STYLE = Automatic;
				DEFINES_MODULE = YES;
				DEVELOPMENT_TEAM = YZ2PUYUY97;
				DYLIB_COMPATIBILITY_VERSION = 1;
				DYLIB_CURRENT_VERSION = 1;
				DYLIB_INSTALL_NAME_BASE = "@rpath";
				INFOPLIST_FILE = HeartButton/Info.plist;
				INSTALL_PATH = "$(LOCAL_LIBRARY_DIR)/Frameworks";
				LD_RUNPATH_SEARCH_PATHS = (
					"$(inherited)",
					"@executable_path/Frameworks",
					"@loader_path/Frameworks",
				);
				PRODUCT_BUNDLE_IDENTIFIER = org.darquro.HeartButton;
				PRODUCT_NAME = "$(TARGET_NAME:c99extidentifier)";
				SKIP_INSTALL = YES;
				SWIFT_VERSION = 4.0;
				TARGETED_DEVICE_FAMILY = "1,2";
			};
			name = Release;
		};
		B0B1CBEA20A5602900A6CF1F /* Debug */ = {
			isa = XCBuildConfiguration;
			buildSettings = {
				ALWAYS_EMBED_SWIFT_STANDARD_LIBRARIES = YES;
				ASSETCATALOG_COMPILER_APPICON_NAME = AppIcon;
				CODE_SIGN_STYLE = Automatic;
				DEVELOPMENT_TEAM = YZ2PUYUY97;
				INFOPLIST_FILE = Sample/Info.plist;
				IPHONEOS_DEPLOYMENT_TARGET = 11.3;
				LD_RUNPATH_SEARCH_PATHS = (
					"$(inherited)",
					"@executable_path/Frameworks",
				);
				PRODUCT_BUNDLE_IDENTIFIER = org.darquro.Sample;
				PRODUCT_NAME = "$(TARGET_NAME)";
				SWIFT_VERSION = 4.0;
				TARGETED_DEVICE_FAMILY = "1,2";
			};
			name = Debug;
		};
		B0B1CBEB20A5602900A6CF1F /* Release */ = {
			isa = XCBuildConfiguration;
			buildSettings = {
				ALWAYS_EMBED_SWIFT_STANDARD_LIBRARIES = YES;
				ASSETCATALOG_COMPILER_APPICON_NAME = AppIcon;
				CODE_SIGN_STYLE = Automatic;
				DEVELOPMENT_TEAM = YZ2PUYUY97;
				INFOPLIST_FILE = Sample/Info.plist;
				IPHONEOS_DEPLOYMENT_TARGET = 11.3;
				LD_RUNPATH_SEARCH_PATHS = (
					"$(inherited)",
					"@executable_path/Frameworks",
				);
				PRODUCT_BUNDLE_IDENTIFIER = org.darquro.Sample;
				PRODUCT_NAME = "$(TARGET_NAME)";
				SWIFT_VERSION = 4.0;
				TARGETED_DEVICE_FAMILY = "1,2";
			};
			name = Release;
		};
/* End XCBuildConfiguration section */

/* Begin XCConfigurationList section */
		B0B1CBC220A55FBE00A6CF1F /* Build configuration list for PBXProject "HeartButton" */ = {
			isa = XCConfigurationList;
			buildConfigurations = (
				B0B1CBCE20A55FBE00A6CF1F /* Debug */,
				B0B1CBCF20A55FBE00A6CF1F /* Release */,
			);
			defaultConfigurationIsVisible = 0;
			defaultConfigurationName = Release;
		};
		B0B1CBD020A55FBE00A6CF1F /* Build configuration list for PBXNativeTarget "HeartButton" */ = {
			isa = XCConfigurationList;
			buildConfigurations = (
				B0B1CBD120A55FBE00A6CF1F /* Debug */,
				B0B1CBD220A55FBE00A6CF1F /* Release */,
			);
			defaultConfigurationIsVisible = 0;
			defaultConfigurationName = Release;
		};
		B0B1CBE920A5602900A6CF1F /* Build configuration list for PBXNativeTarget "Sample" */ = {
			isa = XCConfigurationList;
			buildConfigurations = (
				B0B1CBEA20A5602900A6CF1F /* Debug */,
				B0B1CBEB20A5602900A6CF1F /* Release */,
			);
			defaultConfigurationIsVisible = 0;
			defaultConfigurationName = Release;
		};
/* End XCConfigurationList section */

/* Begin XCVersionGroup section */
		B0B1CBE020A5602000A6CF1F /* Sample.xcdatamodeld */ = {
			isa = XCVersionGroup;
			children = (
				B0B1CBE120A5602000A6CF1F /* Sample.xcdatamodel */,
			);
			currentVersion = B0B1CBE120A5602000A6CF1F /* Sample.xcdatamodel */;
			path = Sample.xcdatamodeld;
			sourceTree = "<group>";
			versionGroupType = wrapper.xcdatamodel;
		};
/* End XCVersionGroup section */
	};
	rootObject = B0B1CBBF20A55FBE00A6CF1F /* Project object */;
}
